
Microsoft Visual Studio Solution File, Format Version 12.00
# Visual Studio 15
VisualStudioVersion = 15.0.27130.2027
MinimumVisualStudioVersion = 10.0.40219.1
Project("{9A19103F-16F7-4668-BE54-9A1E7A4F7556}") = "TideWebScraper", "TideWebScraper\TideWebScraper.csproj", "{BC4FFE60-BF9B-49F6-B770-17EA12FAFD34}"
EndProject
Global
	GlobalSection(SolutionConfigurationPlatforms) = preSolution
		Debug|Any CPU = Debug|Any CPU
		Release|Any CPU = Release|Any CPU
	EndGlobalSection
	GlobalSection(ProjectConfigurationPlatforms) = postSolution
		{BC4FFE60-BF9B-49F6-B770-17EA12FAFD34}.Debug|Any CPU.ActiveCfg = Debug|Any CPU
		{BC4FFE60-BF9B-49F6-B770-17EA12FAFD34}.Debug|Any CPU.Build.0 = Debug|Any CPU
		{BC4FFE60-BF9B-49F6-B770-17EA12FAFD34}.Release|Any CPU.ActiveCfg = Release|Any CPU
		{BC4FFE60-BF9B-49F6-B770-17EA12FAFD34}.Release|Any CPU.Build.0 = Release|Any CPU
	EndGlobalSection
	GlobalSection(SolutionProperties) = preSolution
		HideSolutionNode = FALSE
	EndGlobalSection
	GlobalSection(ExtensibilityGlobals) = postSolution
		SolutionGuid = {08AA35FC-86FD-40D9-B645-F9596A68B659}
	EndGlobalSection
EndGlobal
